
Microsoft Visual Studio Solution File, Format Version 12.00
# Visual Studio Version 17
VisualStudioVersion = 17.2.32519.379
MinimumVisualStudioVersion = 10.0.40219.1
Project("{FAE04EC0-301F-11D3-BF4B-00C04F79EFBC}") = "WindowsFormsApp1", "WindowsFormsApp1\WindowsFormsApp1.csproj", "{08CF98F1-625B-435C-A862-B5549D7FB429}"
EndProject
Project("{FAE04EC0-301F-11D3-BF4B-00C04F79EFBC}") = "ModernUI-SnapWindow", "ModernUI-SnapWindow\ModernUI-SnapWindow.csproj", "{5C706D03-F9EC-47CE-9F9B-7C112259C0C5}"
EndProject
Global
	GlobalSection(SolutionConfigurationPlatforms) = preSolution
		Debug|Any CPU = Debug|Any CPU
		Release|Any CPU = Release|Any CPU
	EndGlobalSection
	GlobalSection(ProjectConfigurationPlatforms) = postSolution
		{08CF98F1-625B-435C-A862-B5549D7FB429}.Debug|Any CPU.ActiveCfg = Debug|Any CPU
		{08CF98F1-625B-435C-A862-B5549D7FB429}.Debug|Any CPU.Build.0 = Debug|Any CPU
		{08CF98F1-625B-435C-A862-B5549D7FB429}.Release|Any CPU.ActiveCfg = Release|Any CPU
		{08CF98F1-625B-435C-A862-B5549D7FB429}.Release|Any CPU.Build.0 = Release|Any CPU
		{5C706D03-F9EC-47CE-9F9B-7C112259C0C5}.Debug|Any CPU.ActiveCfg = Debug|Any CPU
		{5C706D03-F9EC-47CE-9F9B-7C112259C0C5}.Debug|Any CPU.Build.0 = Debug|Any CPU
		{5C706D03-F9EC-47CE-9F9B-7C112259C0C5}.Release|Any CPU.ActiveCfg = Release|Any CPU
		{5C706D03-F9EC-47CE-9F9B-7C112259C0C5}.Release|Any CPU.Build.0 = Release|Any CPU
	EndGlobalSection
	GlobalSection(SolutionProperties) = preSolution
		HideSolutionNode = FALSE
	EndGlobalSection
	GlobalSection(ExtensibilityGlobals) = postSolution
		SolutionGuid = {F2FCB2CA-8F19-409D-8A20-E8BD56DCAFD0}
	EndGlobalSection
EndGlobal
