
Microsoft Visual Studio Solution File, Format Version 12.00
# Visual Studio Version 17
VisualStudioVersion = 17.2.32516.85
MinimumVisualStudioVersion = 10.0.40219.1
Project("{FAE04EC0-301F-11D3-BF4B-00C04F79EFBC}") = "ShopperScreen", "SecondTombuyScreen\ShopperScreen.csproj", "{1A47E8E2-433B-40C3-AC91-3AC0E6E7D1EE}"
EndProject
Global
	GlobalSection(SolutionConfigurationPlatforms) = preSolution
		Debug|Any CPU = Debug|Any CPU
		Release|Any CPU = Release|Any CPU
	EndGlobalSection
	GlobalSection(ProjectConfigurationPlatforms) = postSolution
		{1A47E8E2-433B-40C3-AC91-3AC0E6E7D1EE}.Debug|Any CPU.ActiveCfg = Debug|Any CPU
		{1A47E8E2-433B-40C3-AC91-3AC0E6E7D1EE}.Debug|Any CPU.Build.0 = Debug|Any CPU
		{1A47E8E2-433B-40C3-AC91-3AC0E6E7D1EE}.Release|Any CPU.ActiveCfg = Release|Any CPU
		{1A47E8E2-433B-40C3-AC91-3AC0E6E7D1EE}.Release|Any CPU.Build.0 = Release|Any CPU
	EndGlobalSection
	GlobalSection(SolutionProperties) = preSolution
		HideSolutionNode = FALSE
	EndGlobalSection
	GlobalSection(ExtensibilityGlobals) = postSolution
		SolutionGuid = {C7D4348E-683D-446A-88B8-DFF90173EDA4}
	EndGlobalSection
EndGlobal
